// !$*UTF8*$!
{
	archiveVersion = 1;
	classes = {
	};
	objectVersion = 77;
	objects = {

/* Begin PBXBuildFile section */
		CE046A892E33B0BA0013BAE3 /* InlineSnapshotTesting in Frameworks */ = {isa = PBXBuildFile; productRef = CE046A882E33B0BA0013BAE3 /* InlineSnapshotTesting */; };
		CE046A8B2E33B0BA0013BAE3 /* SnapshotTesting in Frameworks */ = {isa = PBXBuildFile; productRef = CE046A8A2E33B0BA0013BAE3 /* SnapshotTesting */; };
		CE046A8D2E33B0BA0013BAE3 /* SnapshotTestingCustomDump in Frameworks */ = {isa = PBXBuildFile; productRef = CE046A8C2E33B0BA0013BAE3 /* SnapshotTestingCustomDump */; };
		CEA30E752E32874100C5276A /* AppMetricaAdSupport in Frameworks */ = {isa = PBXBuildFile; productRef = CEA30E742E32874100C5276A /* AppMetricaAdSupport */; };
		CEA30E772E32874100C5276A /* AppMetricaCore in Frameworks */ = {isa = PBXBuildFile; productRef = CEA30E762E32874100C5276A /* AppMetricaCore */; };
		CEA30E792E32874100C5276A /* AppMetricaCrashes in Frameworks */ = {isa = PBXBuildFile; productRef = CEA30E782E32874100C5276A /* AppMetricaCrashes */; };
		CEA30E7B2E32874100C5276A /* AppMetricaLibraryAdapter in Frameworks */ = {isa = PBXBuildFile; productRef = CEA30E7A2E32874100C5276A /* AppMetricaLibraryAdapter */; };
		CEA30E7D2E32874100C5276A /* AppMetricaScreenshot in Frameworks */ = {isa = PBXBuildFile; productRef = CEA30E7C2E32874100C5276A /* AppMetricaScreenshot */; };
		CEBE52B32E1C3F3900A53775 /* TrackerCatalog.xcdatamodeld in Sources */ = {isa = PBXBuildFile; fileRef = CEBE52B12E1C3F3900A53775 /* TrackerCatalog.xcdatamodeld */; };
		CEBE52F52E1D1A7900A53775 /* CoreDataManager.swift in Sources */ = {isa = PBXBuildFile; fileRef = CEBE52F42E1D1A6A00A53775 /* CoreDataManager.swift */; };
		CEBE52F72E1E5E6000A53775 /* TrackerStore.swift in Sources */ = {isa = PBXBuildFile; fileRef = CEBE52F62E1E5E5400A53775 /* TrackerStore.swift */; };
		CEBE52F92E1E5E7200A53775 /* TrackerCategoryStore.swift in Sources */ = {isa = PBXBuildFile; fileRef = CEBE52F82E1E5E6300A53775 /* TrackerCategoryStore.swift */; };
		CEBE52FB2E1E5E8100A53775 /* TrackerRecordStore.swift in Sources */ = {isa = PBXBuildFile; fileRef = CEBE52FA2E1E5E7600A53775 /* TrackerRecordStore.swift */; };
/* End PBXBuildFile section */

/* Begin PBXContainerItemProxy section */
		CE046A822E33B03D0013BAE3 /* PBXContainerItemProxy */ = {
			isa = PBXContainerItemProxy;
			containerPortal = CE2645622DE854B600514B83 /* Project object */;
			proxyType = 1;
			remoteGlobalIDString = CE2645692DE854B600514B83;
			remoteInfo = Tracker1;
		};
/* End PBXContainerItemProxy section */

/* Begin PBXFileReference section */
		CE046A7E2E33B03D0013BAE3 /* Tracker1Tests.xctest */ = {isa = PBXFileReference; explicitFileType = wrapper.cfbundle; includeInIndex = 0; path = Tracker1Tests.xctest; sourceTree = BUILT_PRODUCTS_DIR; };
		CE4EB5272DF5DFB100FA9EAB /* Tracker1.app */ = {isa = PBXFileReference; explicitFileType = wrapper.application; includeInIndex = 0; path = Tracker1.app; sourceTree = BUILT_PRODUCTS_DIR; };
		CEBE52B22E1C3F3900A53775 /* TrackerCatalog.xcdatamodel */ = {isa = PBXFileReference; lastKnownFileType = wrapper.xcdatamodel; path = TrackerCatalog.xcdatamodel; sourceTree = "<group>"; };
		CEBE52F42E1D1A6A00A53775 /* CoreDataManager.swift */ = {isa = PBXFileReference; lastKnownFileType = sourcecode.swift; path = CoreDataManager.swift; sourceTree = "<group>"; };
		CEBE52F62E1E5E5400A53775 /* TrackerStore.swift */ = {isa = PBXFileReference; lastKnownFileType = sourcecode.swift; path = TrackerStore.swift; sourceTree = "<group>"; };
		CEBE52F82E1E5E6300A53775 /* TrackerCategoryStore.swift */ = {isa = PBXFileReference; lastKnownFileType = sourcecode.swift; path = TrackerCategoryStore.swift; sourceTree = "<group>"; };
		CEBE52FA2E1E5E7600A53775 /* TrackerRecordStore.swift */ = {isa = PBXFileReference; lastKnownFileType = sourcecode.swift; path = TrackerRecordStore.swift; sourceTree = "<group>"; };
/* End PBXFileReference section */

/* Begin PBXFileSystemSynchronizedBuildFileExceptionSet section */
		CE2645922DE854B700514B83 /* Exceptions for "Tracker1" folder in "Tracker1" target */ = {
			isa = PBXFileSystemSynchronizedBuildFileExceptionSet;
			membershipExceptions = (
				Info.plist,
			);
			target = CE2645692DE854B600514B83 /* Tracker1 */;
		};
/* End PBXFileSystemSynchronizedBuildFileExceptionSet section */

/* Begin PBXFileSystemSynchronizedRootGroup section */
		CE046A7F2E33B03D0013BAE3 /* Tracker1Tests */ = {
			isa = PBXFileSystemSynchronizedRootGroup;
			path = Tracker1Tests;
			sourceTree = "<group>";
		};
		CE046B1A2E33BB500013BAE3 /* Analytics */ = {
			isa = PBXFileSystemSynchronizedRootGroup;
			path = Analytics;
			sourceTree = "<group>";
		};
		CE080D912E17BC4800A47A79 /* AddTrackerCollectionViewControllers */ = {
			isa = PBXFileSystemSynchronizedRootGroup;
			path = AddTrackerCollectionViewControllers;
			sourceTree = "<group>";
		};
		CE080DAB2E17C5E300A47A79 /* CollectionViewControllers */ = {
			isa = PBXFileSystemSynchronizedRootGroup;
			path = CollectionViewControllers;
			sourceTree = "<group>";
		};
		CE17232F2E2FDBFF00D31A02 /* OnboardingViewController */ = {
			isa = PBXFileSystemSynchronizedRootGroup;
			path = OnboardingViewController;
			sourceTree = "<group>";
		};
		CE1723332E2FDE1C00D31A02 /* Services */ = {
			isa = PBXFileSystemSynchronizedRootGroup;
			path = Services;
			sourceTree = "<group>";
		};
		CE17235C2E30551100D31A02 /* CategoryViewControllers */ = {
			isa = PBXFileSystemSynchronizedRootGroup;
			path = CategoryViewControllers;
			sourceTree = "<group>";
		};
		CE26456C2DE854B600514B83 /* Tracker1 */ = {
			isa = PBXFileSystemSynchronizedRootGroup;
			exceptions = (
				CE2645922DE854B700514B83 /* Exceptions for "Tracker1" folder in "Tracker1" target */,
			);
			path = Tracker1;
			sourceTree = "<group>";
		};
		CE2645C12DE8577500514B83 /* MainMenuControllers */ = {
			isa = PBXFileSystemSynchronizedRootGroup;
			path = MainMenuControllers;
			sourceTree = "<group>";
		};
		CE2645C32DE8579B00514B83 /* Help */ = {
			isa = PBXFileSystemSynchronizedRootGroup;
			path = Help;
			sourceTree = "<group>";
		};
		CE7026122E31A3D80060B342 /* Resources */ = {
			isa = PBXFileSystemSynchronizedRootGroup;
			path = Resources;
			sourceTree = "<group>";
		};
		CEDB57E32E12B3F000CE7229 /* AddTrackerControllers */ = {
			isa = PBXFileSystemSynchronizedRootGroup;
			path = AddTrackerControllers;
			sourceTree = "<group>";
		};
/* End PBXFileSystemSynchronizedRootGroup section */

/* Begin PBXFrameworksBuildPhase section */
		CE046A7B2E33B03D0013BAE3 /* Frameworks */ = {
			isa = PBXFrameworksBuildPhase;
			buildActionMask = 2147483647;
			files = (
				CE046A8D2E33B0BA0013BAE3 /* SnapshotTestingCustomDump in Frameworks */,
				CE046A892E33B0BA0013BAE3 /* InlineSnapshotTesting in Frameworks */,
				CE046A8B2E33B0BA0013BAE3 /* SnapshotTesting in Frameworks */,
			);
			runOnlyForDeploymentPostprocessing = 0;
		};
		CE2645672DE854B600514B83 /* Frameworks */ = {
			isa = PBXFrameworksBuildPhase;
			buildActionMask = 2147483647;
			files = (
				CEA30E7B2E32874100C5276A /* AppMetricaLibraryAdapter in Frameworks */,
				CEA30E792E32874100C5276A /* AppMetricaCrashes in Frameworks */,
				CEA30E752E32874100C5276A /* AppMetricaAdSupport in Frameworks */,
				CEA30E7D2E32874100C5276A /* AppMetricaScreenshot in Frameworks */,
				CEA30E772E32874100C5276A /* AppMetricaCore in Frameworks */,
			);
			runOnlyForDeploymentPostprocessing = 0;
		};
/* End PBXFrameworksBuildPhase section */

/* Begin PBXGroup section */
		CE2645612DE854B600514B83 = {
			isa = PBXGroup;
			children = (
				CEBE52B02E1C3ED400A53775 /* CoreData */,
				CE7026122E31A3D80060B342 /* Resources */,
				CE26456C2DE854B600514B83 /* Tracker1 */,
				CE046B1A2E33BB500013BAE3 /* Analytics */,
				CE2645C32DE8579B00514B83 /* Help */,
				CE080D912E17BC4800A47A79 /* AddTrackerCollectionViewControllers */,
				CEDB57E32E12B3F000CE7229 /* AddTrackerControllers */,
				CE080DAB2E17C5E300A47A79 /* CollectionViewControllers */,
				CE2645C12DE8577500514B83 /* MainMenuControllers */,
				CE1723332E2FDE1C00D31A02 /* Services */,
				CE17232F2E2FDBFF00D31A02 /* OnboardingViewController */,
				CE17235C2E30551100D31A02 /* CategoryViewControllers */,
				CE4EB5272DF5DFB100FA9EAB /* Tracker1.app */,
				CE046A7E2E33B03D0013BAE3 /* Tracker1Tests.xctest */,
				CE046A7F2E33B03D0013BAE3 /* Tracker1Tests */,
			);
			sourceTree = "<group>";
		};
		CEBE52B02E1C3ED400A53775 /* CoreData */ = {
			isa = PBXGroup;
			children = (
				CEBE52FA2E1E5E7600A53775 /* TrackerRecordStore.swift */,
				CEBE52F82E1E5E6300A53775 /* TrackerCategoryStore.swift */,
				CEBE52F62E1E5E5400A53775 /* TrackerStore.swift */,
				CEBE52F42E1D1A6A00A53775 /* CoreDataManager.swift */,
				CEBE52B12E1C3F3900A53775 /* TrackerCatalog.xcdatamodeld */,
			);
			path = CoreData;
			sourceTree = "<group>";
		};
/* End PBXGroup section */

/* Begin PBXNativeTarget section */
		CE046A7D2E33B03D0013BAE3 /* Tracker1Tests */ = {
			isa = PBXNativeTarget;
			buildConfigurationList = CE046A842E33B03D0013BAE3 /* Build configuration list for PBXNativeTarget "Tracker1Tests" */;
			buildPhases = (
				CE046A7A2E33B03D0013BAE3 /* Sources */,
				CE046A7B2E33B03D0013BAE3 /* Frameworks */,
				CE046A7C2E33B03D0013BAE3 /* Resources */,
			);
			buildRules = (
			);
			dependencies = (
				CE046A832E33B03D0013BAE3 /* PBXTargetDependency */,
			);
			fileSystemSynchronizedGroups = (
				CE046A7F2E33B03D0013BAE3 /* Tracker1Tests */,
			);
			name = Tracker1Tests;
			packageProductDependencies = (
				CE046A882E33B0BA0013BAE3 /* InlineSnapshotTesting */,
				CE046A8A2E33B0BA0013BAE3 /* SnapshotTesting */,
				CE046A8C2E33B0BA0013BAE3 /* SnapshotTestingCustomDump */,
			);
			productName = Tracker1Tests;
			productReference = CE046A7E2E33B03D0013BAE3 /* Tracker1Tests.xctest */;
			productType = "com.apple.product-type.bundle.unit-test";
		};
		CE2645692DE854B600514B83 /* Tracker1 */ = {
			isa = PBXNativeTarget;
			buildConfigurationList = CE2645932DE854B700514B83 /* Build configuration list for PBXNativeTarget "Tracker1" */;
			buildPhases = (
				CE2645662DE854B600514B83 /* Sources */,
				CE2645672DE854B600514B83 /* Frameworks */,
				CE2645682DE854B600514B83 /* Resources */,
			);
			buildRules = (
			);
			dependencies = (
			);
			fileSystemSynchronizedGroups = (
				CE046B1A2E33BB500013BAE3 /* Analytics */,
				CE080D912E17BC4800A47A79 /* AddTrackerCollectionViewControllers */,
				CE080DAB2E17C5E300A47A79 /* CollectionViewControllers */,
				CE17232F2E2FDBFF00D31A02 /* OnboardingViewController */,
				CE1723332E2FDE1C00D31A02 /* Services */,
				CE17235C2E30551100D31A02 /* CategoryViewControllers */,
				CE26456C2DE854B600514B83 /* Tracker1 */,
				CE2645C12DE8577500514B83 /* MainMenuControllers */,
				CE2645C32DE8579B00514B83 /* Help */,
				CE7026122E31A3D80060B342 /* Resources */,
				CEDB57E32E12B3F000CE7229 /* AddTrackerControllers */,
			);
			name = Tracker1;
			packageProductDependencies = (
				CEA30E742E32874100C5276A /* AppMetricaAdSupport */,
				CEA30E762E32874100C5276A /* AppMetricaCore */,
				CEA30E782E32874100C5276A /* AppMetricaCrashes */,
				CEA30E7A2E32874100C5276A /* AppMetricaLibraryAdapter */,
				CEA30E7C2E32874100C5276A /* AppMetricaScreenshot */,
			);
			productName = Tracker1;
			productReference = CE4EB5272DF5DFB100FA9EAB /* Tracker1.app */;
			productType = "com.apple.product-type.application";
		};
/* End PBXNativeTarget section */

/* Begin PBXProject section */
		CE2645622DE854B600514B83 /* Project object */ = {
			isa = PBXProject;
			attributes = {
				BuildIndependentTargetsInParallel = 1;
				LastSwiftUpdateCheck = 1620;
				LastUpgradeCheck = 1620;
				TargetAttributes = {
					CE046A7D2E33B03D0013BAE3 = {
						CreatedOnToolsVersion = 16.2;
						TestTargetID = CE2645692DE854B600514B83;
					};
					CE2645692DE854B600514B83 = {
						CreatedOnToolsVersion = 16.2;
					};
				};
			};
			buildConfigurationList = CE2645652DE854B600514B83 /* Build configuration list for PBXProject "Tracker1" */;
			developmentRegion = en;
			hasScannedForEncodings = 0;
			knownRegions = (
				en,
				Base,
				ru,
			);
			mainGroup = CE2645612DE854B600514B83;
			minimizedProjectReferenceProxies = 1;
			packageReferences = (
				CEA30E732E32874100C5276A /* XCRemoteSwiftPackageReference "appmetrica-sdk-ios" */,
				CE046A872E33B0BA0013BAE3 /* XCRemoteSwiftPackageReference "swift-snapshot-testing" */,
			);
			preferredProjectObjectVersion = 77;
			productRefGroup = CE2645612DE854B600514B83;
			projectDirPath = "";
			projectRoot = "";
			targets = (
				CE2645692DE854B600514B83 /* Tracker1 */,
				CE046A7D2E33B03D0013BAE3 /* Tracker1Tests */,
			);
		};
/* End PBXProject section */

/* Begin PBXResourcesBuildPhase section */
		CE046A7C2E33B03D0013BAE3 /* Resources */ = {
			isa = PBXResourcesBuildPhase;
			buildActionMask = 2147483647;
			files = (
			);
			runOnlyForDeploymentPostprocessing = 0;
		};
		CE2645682DE854B600514B83 /* Resources */ = {
			isa = PBXResourcesBuildPhase;
			buildActionMask = 2147483647;
			files = (
			);
			runOnlyForDeploymentPostprocessing = 0;
		};
/* End PBXResourcesBuildPhase section */

/* Begin PBXSourcesBuildPhase section */
		CE046A7A2E33B03D0013BAE3 /* Sources */ = {
			isa = PBXSourcesBuildPhase;
			buildActionMask = 2147483647;
			files = (
			);
			runOnlyForDeploymentPostprocessing = 0;
		};
		CE2645662DE854B600514B83 /* Sources */ = {
			isa = PBXSourcesBuildPhase;
			buildActionMask = 2147483647;
			files = (
				CEBE52F72E1E5E6000A53775 /* TrackerStore.swift in Sources */,
				CEBE52F52E1D1A7900A53775 /* CoreDataManager.swift in Sources */,
				CEBE52FB2E1E5E8100A53775 /* TrackerRecordStore.swift in Sources */,
				CEBE52F92E1E5E7200A53775 /* TrackerCategoryStore.swift in Sources */,
				CEBE52B32E1C3F3900A53775 /* TrackerCatalog.xcdatamodeld in Sources */,
			);
			runOnlyForDeploymentPostprocessing = 0;
		};
/* End PBXSourcesBuildPhase section */

/* Begin PBXTargetDependency section */
		CE046A832E33B03D0013BAE3 /* PBXTargetDependency */ = {
			isa = PBXTargetDependency;
			target = CE2645692DE854B600514B83 /* Tracker1 */;
			targetProxy = CE046A822E33B03D0013BAE3 /* PBXContainerItemProxy */;
		};
/* End PBXTargetDependency section */

/* Begin XCBuildConfiguration section */
		CE046A852E33B03D0013BAE3 /* Debug */ = {
			isa = XCBuildConfiguration;
			buildSettings = {
				BUNDLE_LOADER = "$(TEST_HOST)";
				CODE_SIGN_STYLE = Automatic;
				CURRENT_PROJECT_VERSION = 1;
				DEVELOPMENT_TEAM = 2UCS8747P3;
				GENERATE_INFOPLIST_FILE = YES;
				MARKETING_VERSION = 1.0;
				PRODUCT_BUNDLE_IDENTIFIER = ru.kikikaka.Tracker1Tests;
				PRODUCT_NAME = "$(TARGET_NAME)";
				SWIFT_EMIT_LOC_STRINGS = NO;
				SWIFT_VERSION = 5.0;
				TARGETED_DEVICE_FAMILY = "1,2";
				TEST_HOST = "$(BUILT_PRODUCTS_DIR)/Tracker1.app/$(BUNDLE_EXECUTABLE_FOLDER_PATH)/Tracker1";
			};
			name = Debug;
		};
		CE046A862E33B03D0013BAE3 /* Release */ = {
			isa = XCBuildConfiguration;
			buildSettings = {
				BUNDLE_LOADER = "$(TEST_HOST)";
				CODE_SIGN_STYLE = Automatic;
				CURRENT_PROJECT_VERSION = 1;
				DEVELOPMENT_TEAM = 2UCS8747P3;
				GENERATE_INFOPLIST_FILE = YES;
				MARKETING_VERSION = 1.0;
				PRODUCT_BUNDLE_IDENTIFIER = ru.kikikaka.Tracker1Tests;
				PRODUCT_NAME = "$(TARGET_NAME)";
				SWIFT_EMIT_LOC_STRINGS = NO;
				SWIFT_VERSION = 5.0;
				TARGETED_DEVICE_FAMILY = "1,2";
				TEST_HOST = "$(BUILT_PRODUCTS_DIR)/Tracker1.app/$(BUNDLE_EXECUTABLE_FOLDER_PATH)/Tracker1";
			};
			name = Release;
		};
		CE2645942DE854B700514B83 /* Debug */ = {
			isa = XCBuildConfiguration;
			buildSettings = {
				ASSETCATALOG_COMPILER_APPICON_NAME = AppIcon;
				ASSETCATALOG_COMPILER_GLOBAL_ACCENT_COLOR_NAME = AccentColor;
				CODE_SIGN_STYLE = Automatic;
				CURRENT_PROJECT_VERSION = 1;
				DEVELOPMENT_TEAM = 2UCS8747P3;
				GENERATE_INFOPLIST_FILE = YES;
				INFOPLIST_FILE = Tracker1/Info.plist;
				INFOPLIST_KEY_UIApplicationSupportsIndirectInputEvents = YES;
				INFOPLIST_KEY_UILaunchStoryboardName = LaunchScreen;
				INFOPLIST_KEY_UISupportedInterfaceOrientations = UIInterfaceOrientationPortrait;
				IPHONEOS_DEPLOYMENT_TARGET = 13.4;
				LD_RUNPATH_SEARCH_PATHS = (
					"$(inherited)",
					"@executable_path/Frameworks",
				);
				MARKETING_VERSION = 1.0;
				PRODUCT_BUNDLE_IDENTIFIER = ru.kikikakaa.Tracker1;
				PRODUCT_NAME = "$(TARGET_NAME)";
				SWIFT_EMIT_LOC_STRINGS = YES;
				SWIFT_VERSION = 5.0;
				TARGETED_DEVICE_FAMILY = "1,2";
			};
			name = Debug;
		};
		CE2645952DE854B700514B83 /* Release */ = {
			isa = XCBuildConfiguration;
			buildSettings = {
				ASSETCATALOG_COMPILER_APPICON_NAME = AppIcon;
				ASSETCATALOG_COMPILER_GLOBAL_ACCENT_COLOR_NAME = AccentColor;
				CODE_SIGN_STYLE = Automatic;
				CURRENT_PROJECT_VERSION = 1;
				DEVELOPMENT_TEAM = 2UCS8747P3;
				GENERATE_INFOPLIST_FILE = YES;
				INFOPLIST_FILE = Tracker1/Info.plist;
				INFOPLIST_KEY_UIApplicationSupportsIndirectInputEvents = YES;
				INFOPLIST_KEY_UILaunchStoryboardName = LaunchScreen;
				INFOPLIST_KEY_UISupportedInterfaceOrientations = UIInterfaceOrientationPortrait;
				IPHONEOS_DEPLOYMENT_TARGET = 13.4;
				LD_RUNPATH_SEARCH_PATHS = (
					"$(inherited)",
					"@executable_path/Frameworks",
				);
				MARKETING_VERSION = 1.0;
				PRODUCT_BUNDLE_IDENTIFIER = ru.kikikakaa.Tracker1;
				PRODUCT_NAME = "$(TARGET_NAME)";
				SWIFT_EMIT_LOC_STRINGS = YES;
				SWIFT_VERSION = 5.0;
				TARGETED_DEVICE_FAMILY = "1,2";
			};
			name = Release;
		};
		CE2645962DE854B700514B83 /* Debug */ = {
			isa = XCBuildConfiguration;
			buildSettings = {
				ALWAYS_SEARCH_USER_PATHS = NO;
				ASSETCATALOG_COMPILER_GENERATE_SWIFT_ASSET_SYMBOL_EXTENSIONS = YES;
				CLANG_ANALYZER_NONNULL = YES;
				CLANG_ANALYZER_NUMBER_OBJECT_CONVERSION = YES_AGGRESSIVE;
				CLANG_CXX_LANGUAGE_STANDARD = "gnu++20";
				CLANG_ENABLE_MODULES = YES;
				CLANG_ENABLE_OBJC_ARC = YES;
				CLANG_ENABLE_OBJC_WEAK = YES;
				CLANG_WARN_BLOCK_CAPTURE_AUTORELEASING = YES;
				CLANG_WARN_BOOL_CONVERSION = YES;
				CLANG_WARN_COMMA = YES;
				CLANG_WARN_CONSTANT_CONVERSION = YES;
				CLANG_WARN_DEPRECATED_OBJC_IMPLEMENTATIONS = YES;
				CLANG_WARN_DIRECT_OBJC_ISA_USAGE = YES_ERROR;
				CLANG_WARN_DOCUMENTATION_COMMENTS = YES;
				CLANG_WARN_EMPTY_BODY = YES;
				CLANG_WARN_ENUM_CONVERSION = YES;
				CLANG_WARN_INFINITE_RECURSION = YES;
				CLANG_WARN_INT_CONVERSION = YES;
				CLANG_WARN_NON_LITERAL_NULL_CONVERSION = YES;
				CLANG_WARN_OBJC_IMPLICIT_RETAIN_SELF = YES;
				CLANG_WARN_OBJC_LITERAL_CONVERSION = YES;
				CLANG_WARN_OBJC_ROOT_CLASS = YES_ERROR;
				CLANG_WARN_QUOTED_INCLUDE_IN_FRAMEWORK_HEADER = YES;
				CLANG_WARN_RANGE_LOOP_ANALYSIS = YES;
				CLANG_WARN_STRICT_PROTOTYPES = YES;
				CLANG_WARN_SUSPICIOUS_MOVE = YES;
				CLANG_WARN_UNGUARDED_AVAILABILITY = YES_AGGRESSIVE;
				CLANG_WARN_UNREACHABLE_CODE = YES;
				CLANG_WARN__DUPLICATE_METHOD_MATCH = YES;
				COPY_PHASE_STRIP = NO;
				DEBUG_INFORMATION_FORMAT = dwarf;
				ENABLE_STRICT_OBJC_MSGSEND = YES;
				ENABLE_TESTABILITY = YES;
				ENABLE_USER_SCRIPT_SANDBOXING = YES;
				GCC_C_LANGUAGE_STANDARD = gnu17;
				GCC_DYNAMIC_NO_PIC = NO;
				GCC_NO_COMMON_BLOCKS = YES;
				GCC_OPTIMIZATION_LEVEL = 0;
				GCC_PREPROCESSOR_DEFINITIONS = (
					"DEBUG=1",
					"$(inherited)",
				);
				GCC_WARN_64_TO_32_BIT_CONVERSION = YES;
				GCC_WARN_ABOUT_RETURN_TYPE = YES_ERROR;
				GCC_WARN_UNDECLARED_SELECTOR = YES;
				GCC_WARN_UNINITIALIZED_AUTOS = YES_AGGRESSIVE;
				GCC_WARN_UNUSED_FUNCTION = YES;
				GCC_WARN_UNUSED_VARIABLE = YES;
				IPHONEOS_DEPLOYMENT_TARGET = 18.2;
				LOCALIZATION_PREFERS_STRING_CATALOGS = YES;
				MTL_ENABLE_DEBUG_INFO = INCLUDE_SOURCE;
				MTL_FAST_MATH = YES;
				ONLY_ACTIVE_ARCH = YES;
				SDKROOT = iphoneos;
				SWIFT_ACTIVE_COMPILATION_CONDITIONS = "DEBUG $(inherited)";
				SWIFT_OPTIMIZATION_LEVEL = "-Onone";
			};
			name = Debug;
		};
		CE2645972DE854B700514B83 /* Release */ = {
			isa = XCBuildConfiguration;
			buildSettings = {
				ALWAYS_SEARCH_USER_PATHS = NO;
				ASSETCATALOG_COMPILER_GENERATE_SWIFT_ASSET_SYMBOL_EXTENSIONS = YES;
				CLANG_ANALYZER_NONNULL = YES;
				CLANG_ANALYZER_NUMBER_OBJECT_CONVERSION = YES_AGGRESSIVE;
				CLANG_CXX_LANGUAGE_STANDARD = "gnu++20";
				CLANG_ENABLE_MODULES = YES;
				CLANG_ENABLE_OBJC_ARC = YES;
				CLANG_ENABLE_OBJC_WEAK = YES;
				CLANG_WARN_BLOCK_CAPTURE_AUTORELEASING = YES;
				CLANG_WARN_BOOL_CONVERSION = YES;
				CLANG_WARN_COMMA = YES;
				CLANG_WARN_CONSTANT_CONVERSION = YES;
				CLANG_WARN_DEPRECATED_OBJC_IMPLEMENTATIONS = YES;
				CLANG_WARN_DIRECT_OBJC_ISA_USAGE = YES_ERROR;
				CLANG_WARN_DOCUMENTATION_COMMENTS = YES;
				CLANG_WARN_EMPTY_BODY = YES;
				CLANG_WARN_ENUM_CONVERSION = YES;
				CLANG_WARN_INFINITE_RECURSION = YES;
				CLANG_WARN_INT_CONVERSION = YES;
				CLANG_WARN_NON_LITERAL_NULL_CONVERSION = YES;
				CLANG_WARN_OBJC_IMPLICIT_RETAIN_SELF = YES;
				CLANG_WARN_OBJC_LITERAL_CONVERSION = YES;
				CLANG_WARN_OBJC_ROOT_CLASS = YES_ERROR;
				CLANG_WARN_QUOTED_INCLUDE_IN_FRAMEWORK_HEADER = YES;
				CLANG_WARN_RANGE_LOOP_ANALYSIS = YES;
				CLANG_WARN_STRICT_PROTOTYPES = YES;
				CLANG_WARN_SUSPICIOUS_MOVE = YES;
				CLANG_WARN_UNGUARDED_AVAILABILITY = YES_AGGRESSIVE;
				CLANG_WARN_UNREACHABLE_CODE = YES;
				CLANG_WARN__DUPLICATE_METHOD_MATCH = YES;
				COPY_PHASE_STRIP = NO;
				DEBUG_INFORMATION_FORMAT = "dwarf-with-dsym";
				ENABLE_NS_ASSERTIONS = NO;
				ENABLE_STRICT_OBJC_MSGSEND = YES;
				ENABLE_USER_SCRIPT_SANDBOXING = YES;
				GCC_C_LANGUAGE_STANDARD = gnu17;
				GCC_NO_COMMON_BLOCKS = YES;
				GCC_WARN_64_TO_32_BIT_CONVERSION = YES;
				GCC_WARN_ABOUT_RETURN_TYPE = YES_ERROR;
				GCC_WARN_UNDECLARED_SELECTOR = YES;
				GCC_WARN_UNINITIALIZED_AUTOS = YES_AGGRESSIVE;
				GCC_WARN_UNUSED_FUNCTION = YES;
				GCC_WARN_UNUSED_VARIABLE = YES;
				IPHONEOS_DEPLOYMENT_TARGET = 18.2;
				LOCALIZATION_PREFERS_STRING_CATALOGS = YES;
				MTL_ENABLE_DEBUG_INFO = NO;
				MTL_FAST_MATH = YES;
				SDKROOT = iphoneos;
				SWIFT_COMPILATION_MODE = wholemodule;
				VALIDATE_PRODUCT = YES;
			};
			name = Release;
		};
/* End XCBuildConfiguration section */

/* Begin XCConfigurationList section */
		CE046A842E33B03D0013BAE3 /* Build configuration list for PBXNativeTarget "Tracker1Tests" */ = {
			isa = XCConfigurationList;
			buildConfigurations = (
				CE046A852E33B03D0013BAE3 /* Debug */,
				CE046A862E33B03D0013BAE3 /* Release */,
			);
			defaultConfigurationIsVisible = 0;
			defaultConfigurationName = Release;
		};
		CE2645652DE854B600514B83 /* Build configuration list for PBXProject "Tracker1" */ = {
			isa = XCConfigurationList;
			buildConfigurations = (
				CE2645962DE854B700514B83 /* Debug */,
				CE2645972DE854B700514B83 /* Release */,
			);
			defaultConfigurationIsVisible = 0;
			defaultConfigurationName = Release;
		};
		CE2645932DE854B700514B83 /* Build configuration list for PBXNativeTarget "Tracker1" */ = {
			isa = XCConfigurationList;
			buildConfigurations = (
				CE2645942DE854B700514B83 /* Debug */,
				CE2645952DE854B700514B83 /* Release */,
			);
			defaultConfigurationIsVisible = 0;
			defaultConfigurationName = Release;
		};
/* End XCConfigurationList section */

/* Begin XCRemoteSwiftPackageReference section */
		CE046A872E33B0BA0013BAE3 /* XCRemoteSwiftPackageReference "swift-snapshot-testing" */ = {
			isa = XCRemoteSwiftPackageReference;
			repositoryURL = "https://github.com/pointfreeco/swift-snapshot-testing";
			requirement = {
				kind = upToNextMajorVersion;
				minimumVersion = 1.18.6;
			};
		};
		CEA30E732E32874100C5276A /* XCRemoteSwiftPackageReference "appmetrica-sdk-ios" */ = {
			isa = XCRemoteSwiftPackageReference;
			repositoryURL = "https://github.com/appmetrica/appmetrica-sdk-ios";
			requirement = {
				kind = upToNextMajorVersion;
				minimumVersion = 5.11.2;
			};
		};
/* End XCRemoteSwiftPackageReference section */

/* Begin XCSwiftPackageProductDependency section */
		CE046A882E33B0BA0013BAE3 /* InlineSnapshotTesting */ = {
			isa = XCSwiftPackageProductDependency;
			package = CE046A872E33B0BA0013BAE3 /* XCRemoteSwiftPackageReference "swift-snapshot-testing" */;
			productName = InlineSnapshotTesting;
		};
		CE046A8A2E33B0BA0013BAE3 /* SnapshotTesting */ = {
			isa = XCSwiftPackageProductDependency;
			package = CE046A872E33B0BA0013BAE3 /* XCRemoteSwiftPackageReference "swift-snapshot-testing" */;
			productName = SnapshotTesting;
		};
		CE046A8C2E33B0BA0013BAE3 /* SnapshotTestingCustomDump */ = {
			isa = XCSwiftPackageProductDependency;
			package = CE046A872E33B0BA0013BAE3 /* XCRemoteSwiftPackageReference "swift-snapshot-testing" */;
			productName = SnapshotTestingCustomDump;
		};
		CEA30E742E32874100C5276A /* AppMetricaAdSupport */ = {
			isa = XCSwiftPackageProductDependency;
			package = CEA30E732E32874100C5276A /* XCRemoteSwiftPackageReference "appmetrica-sdk-ios" */;
			productName = AppMetricaAdSupport;
		};
		CEA30E762E32874100C5276A /* AppMetricaCore */ = {
			isa = XCSwiftPackageProductDependency;
			package = CEA30E732E32874100C5276A /* XCRemoteSwiftPackageReference "appmetrica-sdk-ios" */;
			productName = AppMetricaCore;
		};
		CEA30E782E32874100C5276A /* AppMetricaCrashes */ = {
			isa = XCSwiftPackageProductDependency;
			package = CEA30E732E32874100C5276A /* XCRemoteSwiftPackageReference "appmetrica-sdk-ios" */;
			productName = AppMetricaCrashes;
		};
		CEA30E7A2E32874100C5276A /* AppMetricaLibraryAdapter */ = {
			isa = XCSwiftPackageProductDependency;
			package = CEA30E732E32874100C5276A /* XCRemoteSwiftPackageReference "appmetrica-sdk-ios" */;
			productName = AppMetricaLibraryAdapter;
		};
		CEA30E7C2E32874100C5276A /* AppMetricaScreenshot */ = {
			isa = XCSwiftPackageProductDependency;
			package = CEA30E732E32874100C5276A /* XCRemoteSwiftPackageReference "appmetrica-sdk-ios" */;
			productName = AppMetricaScreenshot;
		};
/* End XCSwiftPackageProductDependency section */

/* Begin XCVersionGroup section */
		CEBE52B12E1C3F3900A53775 /* TrackerCatalog.xcdatamodeld */ = {
			isa = XCVersionGroup;
			children = (
				CEBE52B22E1C3F3900A53775 /* TrackerCatalog.xcdatamodel */,
			);
			currentVersion = CEBE52B22E1C3F3900A53775 /* TrackerCatalog.xcdatamodel */;
			path = TrackerCatalog.xcdatamodeld;
			sourceTree = "<group>";
			versionGroupType = wrapper.xcdatamodel;
		};
/* End XCVersionGroup section */
	};
	rootObject = CE2645622DE854B600514B83 /* Project object */;
}
